
Microsoft Visual Studio Solution File, Format Version 12.00
# Visual Studio Version 16
VisualStudioVersion = 16.0.29806.167
MinimumVisualStudioVersion = 10.0.40219.1
Project("{9A19103F-16F7-4668-BE54-9A1E7A4F7556}") = "WebApplication1", "WebApplication1.csproj", "{00ED4FFC-EC44-437A-B8B3-749D572F1124}"
EndProject
Project("{9A19103F-16F7-4668-BE54-9A1E7A4F7556}") = "TestClasses", "..\TestClasses\TestClasses.csproj", "{550B28EC-A264-4C03-9DE9-C30891E0E891}"
EndProject
Project("{9A19103F-16F7-4668-BE54-9A1E7A4F7556}") = "Logic", "..\Logic2\Logic.csproj", "{98511B1B-0BD4-429B-8A62-9B71870A1429}"
EndProject
Project("{9A19103F-16F7-4668-BE54-9A1E7A4F7556}") = "DTO", "..\DTO2\DTO.csproj", "{18360565-ECF4-4845-9049-6D0DD43FD95F}"
EndProject
Project("{9A19103F-16F7-4668-BE54-9A1E7A4F7556}") = "DAL", "..\DAL2\DAL.csproj", "{74B5A58C-B5B7-4E5C-8AB9-62CD8CEA2867}"
EndProject
Project("{9A19103F-16F7-4668-BE54-9A1E7A4F7556}") = "Services", "..\Services\Services.csproj", "{0B9F0BC5-E1A2-471F-9378-46332204AC8E}"
EndProject
Global
	GlobalSection(SolutionConfigurationPlatforms) = preSolution
		Debug|Any CPU = Debug|Any CPU
		Release|Any CPU = Release|Any CPU
	EndGlobalSection
	GlobalSection(ProjectConfigurationPlatforms) = postSolution
		{00ED4FFC-EC44-437A-B8B3-749D572F1124}.Debug|Any CPU.ActiveCfg = Debug|Any CPU
		{00ED4FFC-EC44-437A-B8B3-749D572F1124}.Debug|Any CPU.Build.0 = Debug|Any CPU
		{00ED4FFC-EC44-437A-B8B3-749D572F1124}.Release|Any CPU.ActiveCfg = Release|Any CPU
		{00ED4FFC-EC44-437A-B8B3-749D572F1124}.Release|Any CPU.Build.0 = Release|Any CPU
		{550B28EC-A264-4C03-9DE9-C30891E0E891}.Debug|Any CPU.ActiveCfg = Debug|Any CPU
		{550B28EC-A264-4C03-9DE9-C30891E0E891}.Debug|Any CPU.Build.0 = Debug|Any CPU
		{550B28EC-A264-4C03-9DE9-C30891E0E891}.Release|Any CPU.ActiveCfg = Release|Any CPU
		{550B28EC-A264-4C03-9DE9-C30891E0E891}.Release|Any CPU.Build.0 = Release|Any CPU
		{98511B1B-0BD4-429B-8A62-9B71870A1429}.Debug|Any CPU.ActiveCfg = Debug|Any CPU
		{98511B1B-0BD4-429B-8A62-9B71870A1429}.Debug|Any CPU.Build.0 = Debug|Any CPU
		{98511B1B-0BD4-429B-8A62-9B71870A1429}.Release|Any CPU.ActiveCfg = Release|Any CPU
		{98511B1B-0BD4-429B-8A62-9B71870A1429}.Release|Any CPU.Build.0 = Release|Any CPU
		{18360565-ECF4-4845-9049-6D0DD43FD95F}.Debug|Any CPU.ActiveCfg = Debug|Any CPU
		{18360565-ECF4-4845-9049-6D0DD43FD95F}.Debug|Any CPU.Build.0 = Debug|Any CPU
		{18360565-ECF4-4845-9049-6D0DD43FD95F}.Release|Any CPU.ActiveCfg = Release|Any CPU
		{18360565-ECF4-4845-9049-6D0DD43FD95F}.Release|Any CPU.Build.0 = Release|Any CPU
		{74B5A58C-B5B7-4E5C-8AB9-62CD8CEA2867}.Debug|Any CPU.ActiveCfg = Debug|Any CPU
		{74B5A58C-B5B7-4E5C-8AB9-62CD8CEA2867}.Debug|Any CPU.Build.0 = Debug|Any CPU
		{74B5A58C-B5B7-4E5C-8AB9-62CD8CEA2867}.Release|Any CPU.ActiveCfg = Release|Any CPU
		{74B5A58C-B5B7-4E5C-8AB9-62CD8CEA2867}.Release|Any CPU.Build.0 = Release|Any CPU
		{0B9F0BC5-E1A2-471F-9378-46332204AC8E}.Debug|Any CPU.ActiveCfg = Debug|Any CPU
		{0B9F0BC5-E1A2-471F-9378-46332204AC8E}.Debug|Any CPU.Build.0 = Debug|Any CPU
		{0B9F0BC5-E1A2-471F-9378-46332204AC8E}.Release|Any CPU.ActiveCfg = Release|Any CPU
		{0B9F0BC5-E1A2-471F-9378-46332204AC8E}.Release|Any CPU.Build.0 = Release|Any CPU
	EndGlobalSection
	GlobalSection(SolutionProperties) = preSolution
		HideSolutionNode = FALSE
	EndGlobalSection
	GlobalSection(ExtensibilityGlobals) = postSolution
		SolutionGuid = {0A170444-587F-460E-8844-3864EB5E1987}
	EndGlobalSection
EndGlobal
